
Microsoft Visual Studio Solution File, Format Version 12.00
# Visual Studio Version 16
VisualStudioVersion = 16.0.30406.217
MinimumVisualStudioVersion = 10.0.40219.1
Project("{9A19103F-16F7-4668-BE54-9A1E7A4F7556}") = "Auth02_AspNetIdentity", "Auth02_AspNetIdentity\Auth02_AspNetIdentity.csproj", "{15C4B4FC-276C-4A1E-8F21-1EFD7A34D338}"
EndProject
Project("{9A19103F-16F7-4668-BE54-9A1E7A4F7556}") = "Auth03_PolicyAndClaims", "Auth03_PolicyAndClaims\Auth03_PolicyAndClaims.csproj", "{01F3C3F7-0FAE-495D-9FB3-DA3D2E2C77D5}"
EndProject
Project("{9A19103F-16F7-4668-BE54-9A1E7A4F7556}") = "Auth04_RazorPages", "Auth04_RazorPages\Auth04_RazorPages.csproj", "{05CA6201-23F2-4613-A4BB-F642532DA817}"
EndProject
Project("{9A19103F-16F7-4668-BE54-9A1E7A4F7556}") = "Auth05_JwtBearerServer", "Auth05_JwtBearerServer\Auth05_JwtBearerServer.csproj", "{A5177E0F-00D2-446B-B609-06011BB2919B}"
EndProject
Project("{9A19103F-16F7-4668-BE54-9A1E7A4F7556}") = "Auth01_CookieAuth", "Auth01_CookieAuth\Auth01_CookieAuth.csproj", "{8DBDCC96-FC74-430E-B7E9-76D343F4B8E7}"
EndProject
Project("{9A19103F-16F7-4668-BE54-9A1E7A4F7556}") = "Auth06_JwtBearerClient", "Auth06_JwtBearerClient\Auth06_JwtBearerClient.csproj", "{B94D4A7A-5E77-4B97-AF07-B87DF8F99C86}"
EndProject
Project("{FAE04EC0-301F-11D3-BF4B-00C04F79EFBC}") = "Auth07_ApiHost", "Auth07_ApiHost\Auth07_ApiHost.csproj", "{B582FD0E-ECFE-47BA-A3D2-3F5515D48631}"
EndProject
Global
	GlobalSection(SolutionConfigurationPlatforms) = preSolution
		Debug|Any CPU = Debug|Any CPU
		Release|Any CPU = Release|Any CPU
	EndGlobalSection
	GlobalSection(ProjectConfigurationPlatforms) = postSolution
		{15C4B4FC-276C-4A1E-8F21-1EFD7A34D338}.Debug|Any CPU.ActiveCfg = Debug|Any CPU
		{15C4B4FC-276C-4A1E-8F21-1EFD7A34D338}.Debug|Any CPU.Build.0 = Debug|Any CPU
		{15C4B4FC-276C-4A1E-8F21-1EFD7A34D338}.Release|Any CPU.ActiveCfg = Release|Any CPU
		{15C4B4FC-276C-4A1E-8F21-1EFD7A34D338}.Release|Any CPU.Build.0 = Release|Any CPU
		{01F3C3F7-0FAE-495D-9FB3-DA3D2E2C77D5}.Debug|Any CPU.ActiveCfg = Debug|Any CPU
		{01F3C3F7-0FAE-495D-9FB3-DA3D2E2C77D5}.Debug|Any CPU.Build.0 = Debug|Any CPU
		{01F3C3F7-0FAE-495D-9FB3-DA3D2E2C77D5}.Release|Any CPU.ActiveCfg = Release|Any CPU
		{01F3C3F7-0FAE-495D-9FB3-DA3D2E2C77D5}.Release|Any CPU.Build.0 = Release|Any CPU
		{05CA6201-23F2-4613-A4BB-F642532DA817}.Debug|Any CPU.ActiveCfg = Debug|Any CPU
		{05CA6201-23F2-4613-A4BB-F642532DA817}.Debug|Any CPU.Build.0 = Debug|Any CPU
		{05CA6201-23F2-4613-A4BB-F642532DA817}.Release|Any CPU.ActiveCfg = Release|Any CPU
		{05CA6201-23F2-4613-A4BB-F642532DA817}.Release|Any CPU.Build.0 = Release|Any CPU
		{A5177E0F-00D2-446B-B609-06011BB2919B}.Debug|Any CPU.ActiveCfg = Debug|Any CPU
		{A5177E0F-00D2-446B-B609-06011BB2919B}.Debug|Any CPU.Build.0 = Debug|Any CPU
		{A5177E0F-00D2-446B-B609-06011BB2919B}.Release|Any CPU.ActiveCfg = Release|Any CPU
		{A5177E0F-00D2-446B-B609-06011BB2919B}.Release|Any CPU.Build.0 = Release|Any CPU
		{8DBDCC96-FC74-430E-B7E9-76D343F4B8E7}.Debug|Any CPU.ActiveCfg = Debug|Any CPU
		{8DBDCC96-FC74-430E-B7E9-76D343F4B8E7}.Debug|Any CPU.Build.0 = Debug|Any CPU
		{8DBDCC96-FC74-430E-B7E9-76D343F4B8E7}.Release|Any CPU.ActiveCfg = Release|Any CPU
		{8DBDCC96-FC74-430E-B7E9-76D343F4B8E7}.Release|Any CPU.Build.0 = Release|Any CPU
		{B94D4A7A-5E77-4B97-AF07-B87DF8F99C86}.Debug|Any CPU.ActiveCfg = Debug|Any CPU
		{B94D4A7A-5E77-4B97-AF07-B87DF8F99C86}.Debug|Any CPU.Build.0 = Debug|Any CPU
		{B94D4A7A-5E77-4B97-AF07-B87DF8F99C86}.Release|Any CPU.ActiveCfg = Release|Any CPU
		{B94D4A7A-5E77-4B97-AF07-B87DF8F99C86}.Release|Any CPU.Build.0 = Release|Any CPU
		{B582FD0E-ECFE-47BA-A3D2-3F5515D48631}.Debug|Any CPU.ActiveCfg = Debug|Any CPU
		{B582FD0E-ECFE-47BA-A3D2-3F5515D48631}.Debug|Any CPU.Build.0 = Debug|Any CPU
		{B582FD0E-ECFE-47BA-A3D2-3F5515D48631}.Release|Any CPU.ActiveCfg = Release|Any CPU
		{B582FD0E-ECFE-47BA-A3D2-3F5515D48631}.Release|Any CPU.Build.0 = Release|Any CPU
	EndGlobalSection
	GlobalSection(SolutionProperties) = preSolution
		HideSolutionNode = FALSE
	EndGlobalSection
	GlobalSection(ExtensibilityGlobals) = postSolution
		SolutionGuid = {31982432-E17E-42BF-B21B-7216E837CBA6}
	EndGlobalSection
EndGlobal
